
Microsoft Visual Studio Solution File, Format Version 12.00
# Visual Studio Version 16
VisualStudioVersion = 16.0.31702.278
MinimumVisualStudioVersion = 10.0.40219.1
Project("{FAE04EC0-301F-11D3-BF4B-00C04F79EFBC}") = "Lab15", "Lab15\Lab15.csproj", "{70B41BAA-07BB-4449-9461-FF239818519C}"
EndProject
Global
	GlobalSection(SolutionConfigurationPlatforms) = preSolution
		Debug|Any CPU = Debug|Any CPU
		Release|Any CPU = Release|Any CPU
	EndGlobalSection
	GlobalSection(ProjectConfigurationPlatforms) = postSolution
		{70B41BAA-07BB-4449-9461-FF239818519C}.Debug|Any CPU.ActiveCfg = Debug|Any CPU
		{70B41BAA-07BB-4449-9461-FF239818519C}.Debug|Any CPU.Build.0 = Debug|Any CPU
		{70B41BAA-07BB-4449-9461-FF239818519C}.Release|Any CPU.ActiveCfg = Release|Any CPU
		{70B41BAA-07BB-4449-9461-FF239818519C}.Release|Any CPU.Build.0 = Release|Any CPU
	EndGlobalSection
	GlobalSection(SolutionProperties) = preSolution
		HideSolutionNode = FALSE
	EndGlobalSection
	GlobalSection(ExtensibilityGlobals) = postSolution
		SolutionGuid = {61F53250-7603-451A-B575-BB90E8C06C77}
	EndGlobalSection
EndGlobal
