
Microsoft Visual Studio Solution File, Format Version 12.00
# Visual Studio Version 16
VisualStudioVersion = 16.0.31702.278
MinimumVisualStudioVersion = 10.0.40219.1
Project("{FAE04EC0-301F-11D3-BF4B-00C04F79EFBC}") = "ilab9", "ilab9\ilab9.csproj", "{0D0F8472-7AD3-48C3-B468-840F6F1450B5}"
EndProject
Global
	GlobalSection(SolutionConfigurationPlatforms) = preSolution
		Debug|Any CPU = Debug|Any CPU
		Release|Any CPU = Release|Any CPU
	EndGlobalSection
	GlobalSection(ProjectConfigurationPlatforms) = postSolution
		{0D0F8472-7AD3-48C3-B468-840F6F1450B5}.Debug|Any CPU.ActiveCfg = Debug|Any CPU
		{0D0F8472-7AD3-48C3-B468-840F6F1450B5}.Debug|Any CPU.Build.0 = Debug|Any CPU
		{0D0F8472-7AD3-48C3-B468-840F6F1450B5}.Release|Any CPU.ActiveCfg = Release|Any CPU
		{0D0F8472-7AD3-48C3-B468-840F6F1450B5}.Release|Any CPU.Build.0 = Release|Any CPU
	EndGlobalSection
	GlobalSection(SolutionProperties) = preSolution
		HideSolutionNode = FALSE
	EndGlobalSection
	GlobalSection(ExtensibilityGlobals) = postSolution
		SolutionGuid = {5F26C1BA-078E-49F8-8B0E-3FA588F8E1F2}
	EndGlobalSection
EndGlobal
