
Microsoft Visual Studio Solution File, Format Version 12.00
# Visual Studio Version 16
VisualStudioVersion = 16.0.31702.278
MinimumVisualStudioVersion = 10.0.40219.1
Project("{FAE04EC0-301F-11D3-BF4B-00C04F79EFBC}") = "ilab6", "ilab6\ilab6.csproj", "{1ADF4D10-A65B-4A82-AFFC-3BE6758EFCA3}"
EndProject
Global
	GlobalSection(SolutionConfigurationPlatforms) = preSolution
		Debug|Any CPU = Debug|Any CPU
		Release|Any CPU = Release|Any CPU
	EndGlobalSection
	GlobalSection(ProjectConfigurationPlatforms) = postSolution
		{1ADF4D10-A65B-4A82-AFFC-3BE6758EFCA3}.Debug|Any CPU.ActiveCfg = Debug|Any CPU
		{1ADF4D10-A65B-4A82-AFFC-3BE6758EFCA3}.Debug|Any CPU.Build.0 = Debug|Any CPU
		{1ADF4D10-A65B-4A82-AFFC-3BE6758EFCA3}.Release|Any CPU.ActiveCfg = Release|Any CPU
		{1ADF4D10-A65B-4A82-AFFC-3BE6758EFCA3}.Release|Any CPU.Build.0 = Release|Any CPU
	EndGlobalSection
	GlobalSection(SolutionProperties) = preSolution
		HideSolutionNode = FALSE
	EndGlobalSection
	GlobalSection(ExtensibilityGlobals) = postSolution
		SolutionGuid = {3C95CF99-6799-4097-9296-1F874961396B}
	EndGlobalSection
EndGlobal
