
Microsoft Visual Studio Solution File, Format Version 12.00
# Visual Studio Version 16
VisualStudioVersion = 16.0.31702.278
MinimumVisualStudioVersion = 10.0.40219.1
Project("{FAE04EC0-301F-11D3-BF4B-00C04F79EFBC}") = "Ilab3", "Ilab3\Ilab3.csproj", "{1A73A6A0-0D8B-4468-B90C-E6EF06307A59}"
EndProject
Global
	GlobalSection(SolutionConfigurationPlatforms) = preSolution
		Debug|Any CPU = Debug|Any CPU
		Release|Any CPU = Release|Any CPU
	EndGlobalSection
	GlobalSection(ProjectConfigurationPlatforms) = postSolution
		{1A73A6A0-0D8B-4468-B90C-E6EF06307A59}.Debug|Any CPU.ActiveCfg = Debug|Any CPU
		{1A73A6A0-0D8B-4468-B90C-E6EF06307A59}.Debug|Any CPU.Build.0 = Debug|Any CPU
		{1A73A6A0-0D8B-4468-B90C-E6EF06307A59}.Release|Any CPU.ActiveCfg = Release|Any CPU
		{1A73A6A0-0D8B-4468-B90C-E6EF06307A59}.Release|Any CPU.Build.0 = Release|Any CPU
	EndGlobalSection
	GlobalSection(SolutionProperties) = preSolution
		HideSolutionNode = FALSE
	EndGlobalSection
	GlobalSection(ExtensibilityGlobals) = postSolution
		SolutionGuid = {B6BC34CE-B58F-4817-9506-350907E97834}
	EndGlobalSection
EndGlobal
